// !$*UTF8*$!
{
	archiveVersion = 1;
	classes = {
	};
	objectVersion = 46;
	objects = {

/* Begin PBXBuildFile section */
		2A7369401CE069620080414F /* main.m in Sources */ = {isa = PBXBuildFile; fileRef = 2A73693F1CE069620080414F /* main.m */; };
		2A7369431CE069620080414F /* AppDelegate.m in Sources */ = {isa = PBXBuildFile; fileRef = 2A7369421CE069620080414F /* AppDelegate.m */; };
		2A7369461CE069620080414F /* ViewController.m in Sources */ = {isa = PBXBuildFile; fileRef = 2A7369451CE069620080414F /* ViewController.m */; };
		2A7369491CE069620080414F /* Main.storyboard in Resources */ = {isa = PBXBuildFile; fileRef = 2A7369471CE069620080414F /* Main.storyboard */; };
		2A73694B1CE069620080414F /* Assets.xcassets in Resources */ = {isa = PBXBuildFile; fileRef = 2A73694A1CE069620080414F /* Assets.xcassets */; };
		2A73694E1CE069620080414F /* LaunchScreen.storyboard in Resources */ = {isa = PBXBuildFile; fileRef = 2A73694C1CE069620080414F /* LaunchScreen.storyboard */; };
		2A7369591CE069620080414F /* ZCBezierPathLayerTests.m in Sources */ = {isa = PBXBuildFile; fileRef = 2A7369581CE069620080414F /* ZCBezierPathLayerTests.m */; };
		2A7369641CE069620080414F /* ZCBezierPathLayerUITests.m in Sources */ = {isa = PBXBuildFile; fileRef = 2A7369631CE069620080414F /* ZCBezierPathLayerUITests.m */; };
		2A7369731CE069870080414F /* ZCBezierPathView.m in Sources */ = {isa = PBXBuildFile; fileRef = 2A7369721CE069870080414F /* ZCBezierPathView.m */; };
/* End PBXBuildFile section */

/* Begin PBXContainerItemProxy section */
		2A7369551CE069620080414F /* PBXContainerItemProxy */ = {
			isa = PBXContainerItemProxy;
			containerPortal = 2A7369331CE069620080414F /* Project object */;
			proxyType = 1;
			remoteGlobalIDString = 2A73693A1CE069620080414F;
			remoteInfo = ZCBezierPathLayer;
		};
		2A7369601CE069620080414F /* PBXContainerItemProxy */ = {
			isa = PBXContainerItemProxy;
			containerPortal = 2A7369331CE069620080414F /* Project object */;
			proxyType = 1;
			remoteGlobalIDString = 2A73693A1CE069620080414F;
			remoteInfo = ZCBezierPathLayer;
		};
/* End PBXContainerItemProxy section */

/* Begin PBXFileReference section */
		2A73693B1CE069620080414F /* ZCBezierPathLayer.app */ = {isa = PBXFileReference; explicitFileType = wrapper.application; includeInIndex = 0; path = ZCBezierPathLayer.app; sourceTree = BUILT_PRODUCTS_DIR; };
		2A73693F1CE069620080414F /* main.m */ = {isa = PBXFileReference; lastKnownFileType = sourcecode.c.objc; path = main.m; sourceTree = "<group>"; };
		2A7369411CE069620080414F /* AppDelegate.h */ = {isa = PBXFileReference; lastKnownFileType = sourcecode.c.h; path = AppDelegate.h; sourceTree = "<group>"; };
		2A7369421CE069620080414F /* AppDelegate.m */ = {isa = PBXFileReference; lastKnownFileType = sourcecode.c.objc; path = AppDelegate.m; sourceTree = "<group>"; };
		2A7369441CE069620080414F /* ViewController.h */ = {isa = PBXFileReference; lastKnownFileType = sourcecode.c.h; path = ViewController.h; sourceTree = "<group>"; };
		2A7369451CE069620080414F /* ViewController.m */ = {isa = PBXFileReference; lastKnownFileType = sourcecode.c.objc; path = ViewController.m; sourceTree = "<group>"; };
		2A7369481CE069620080414F /* Base */ = {isa = PBXFileReference; lastKnownFileType = file.storyboard; name = Base; path = Base.lproj/Main.storyboard; sourceTree = "<group>"; };
		2A73694A1CE069620080414F /* Assets.xcassets */ = {isa = PBXFileReference; lastKnownFileType = folder.assetcatalog; path = Assets.xcassets; sourceTree = "<group>"; };
		2A73694D1CE069620080414F /* Base */ = {isa = PBXFileReference; lastKnownFileType = file.storyboard; name = Base; path = Base.lproj/LaunchScreen.storyboard; sourceTree = "<group>"; };
		2A73694F1CE069620080414F /* Info.plist */ = {isa = PBXFileReference; lastKnownFileType = text.plist.xml; path = Info.plist; sourceTree = "<group>"; };
		2A7369541CE069620080414F /* ZCBezierPathLayerTests.xctest */ = {isa = PBXFileReference; explicitFileType = wrapper.cfbundle; includeInIndex = 0; path = ZCBezierPathLayerTests.xctest; sourceTree = BUILT_PRODUCTS_DIR; };
		2A7369581CE069620080414F /* ZCBezierPathLayerTests.m */ = {isa = PBXFileReference; lastKnownFileType = sourcecode.c.objc; path = ZCBezierPathLayerTests.m; sourceTree = "<group>"; };
		2A73695A1CE069620080414F /* Info.plist */ = {isa = PBXFileReference; lastKnownFileType = text.plist.xml; path = Info.plist; sourceTree = "<group>"; };
		2A73695F1CE069620080414F /* ZCBezierPathLayerUITests.xctest */ = {isa = PBXFileReference; explicitFileType = wrapper.cfbundle; includeInIndex = 0; path = ZCBezierPathLayerUITests.xctest; sourceTree = BUILT_PRODUCTS_DIR; };
		2A7369631CE069620080414F /* ZCBezierPathLayerUITests.m */ = {isa = PBXFileReference; lastKnownFileType = sourcecode.c.objc; path = ZCBezierPathLayerUITests.m; sourceTree = "<group>"; };
		2A7369651CE069620080414F /* Info.plist */ = {isa = PBXFileReference; lastKnownFileType = text.plist.xml; path = Info.plist; sourceTree = "<group>"; };
		2A7369711CE069870080414F /* ZCBezierPathView.h */ = {isa = PBXFileReference; fileEncoding = 4; lastKnownFileType = sourcecode.c.h; path = ZCBezierPathView.h; sourceTree = "<group>"; };
		2A7369721CE069870080414F /* ZCBezierPathView.m */ = {isa = PBXFileReference; fileEncoding = 4; lastKnownFileType = sourcecode.c.objc; path = ZCBezierPathView.m; sourceTree = "<group>"; };
/* End PBXFileReference section */

/* Begin PBXFrameworksBuildPhase section */
		2A7369381CE069620080414F /* Frameworks */ = {
			isa = PBXFrameworksBuildPhase;
			buildActionMask = 2147483647;
			files = (
			);
			runOnlyForDeploymentPostprocessing = 0;
		};
		2A7369511CE069620080414F /* Frameworks */ = {
			isa = PBXFrameworksBuildPhase;
			buildActionMask = 2147483647;
			files = (
			);
			runOnlyForDeploymentPostprocessing = 0;
		};
		2A73695C1CE069620080414F /* Frameworks */ = {
			isa = PBXFrameworksBuildPhase;
			buildActionMask = 2147483647;
			files = (
			);
			runOnlyForDeploymentPostprocessing = 0;
		};
/* End PBXFrameworksBuildPhase section */

/* Begin PBXGroup section */
		2A7369321CE069620080414F = {
			isa = PBXGroup;
			children = (
				2A73693D1CE069620080414F /* ZCBezierPathLayer */,
				2A7369571CE069620080414F /* ZCBezierPathLayerTests */,
				2A7369621CE069620080414F /* ZCBezierPathLayerUITests */,
				2A73693C1CE069620080414F /* Products */,
			);
			sourceTree = "<group>";
		};
		2A73693C1CE069620080414F /* Products */ = {
			isa = PBXGroup;
			children = (
				2A73693B1CE069620080414F /* ZCBezierPathLayer.app */,
				2A7369541CE069620080414F /* ZCBezierPathLayerTests.xctest */,
				2A73695F1CE069620080414F /* ZCBezierPathLayerUITests.xctest */,
			);
			name = Products;
			sourceTree = "<group>";
		};
		2A73693D1CE069620080414F /* ZCBezierPathLayer */ = {
			isa = PBXGroup;
			children = (
				2A7369411CE069620080414F /* AppDelegate.h */,
				2A7369421CE069620080414F /* AppDelegate.m */,
				2A7369441CE069620080414F /* ViewController.h */,
				2A7369451CE069620080414F /* ViewController.m */,
				2A7369711CE069870080414F /* ZCBezierPathView.h */,
				2A7369721CE069870080414F /* ZCBezierPathView.m */,
				2A7369471CE069620080414F /* Main.storyboard */,
				2A73694A1CE069620080414F /* Assets.xcassets */,
				2A73694C1CE069620080414F /* LaunchScreen.storyboard */,
				2A73694F1CE069620080414F /* Info.plist */,
				2A73693E1CE069620080414F /* Supporting Files */,
			);
			path = ZCBezierPathLayer;
			sourceTree = "<group>";
		};
		2A73693E1CE069620080414F /* Supporting Files */ = {
			isa = PBXGroup;
			children = (
				2A73693F1CE069620080414F /* main.m */,
			);
			name = "Supporting Files";
			sourceTree = "<group>";
		};
		2A7369571CE069620080414F /* ZCBezierPathLayerTests */ = {
			isa = PBXGroup;
			children = (
				2A7369581CE069620080414F /* ZCBezierPathLayerTests.m */,
				2A73695A1CE069620080414F /* Info.plist */,
			);
			path = ZCBezierPathLayerTests;
			sourceTree = "<group>";
		};
		2A7369621CE069620080414F /* ZCBezierPathLayerUITests */ = {
			isa = PBXGroup;
			children = (
				2A7369631CE069620080414F /* ZCBezierPathLayerUITests.m */,
				2A7369651CE069620080414F /* Info.plist */,
			);
			path = ZCBezierPathLayerUITests;
			sourceTree = "<group>";
		};
/* End PBXGroup section */

/* Begin PBXNativeTarget section */
		2A73693A1CE069620080414F /* ZCBezierPathLayer */ = {
			isa = PBXNativeTarget;
			buildConfigurationList = 2A7369681CE069620080414F /* Build configuration list for PBXNativeTarget "ZCBezierPathLayer" */;
			buildPhases = (
				2A7369371CE069620080414F /* Sources */,
				2A7369381CE069620080414F /* Frameworks */,
				2A7369391CE069620080414F /* Resources */,
			);
			buildRules = (
			);
			dependencies = (
			);
			name = ZCBezierPathLayer;
			productName = ZCBezierPathLayer;
			productReference = 2A73693B1CE069620080414F /* ZCBezierPathLayer.app */;
			productType = "com.apple.product-type.application";
		};
		2A7369531CE069620080414F /* ZCBezierPathLayerTests */ = {
			isa = PBXNativeTarget;
			buildConfigurationList = 2A73696B1CE069620080414F /* Build configuration list for PBXNativeTarget "ZCBezierPathLayerTests" */;
			buildPhases = (
				2A7369501CE069620080414F /* Sources */,
				2A7369511CE069620080414F /* Frameworks */,
				2A7369521CE069620080414F /* Resources */,
			);
			buildRules = (
			);
			dependencies = (
				2A7369561CE069620080414F /* PBXTargetDependency */,
			);
			name = ZCBezierPathLayerTests;
			productName = ZCBezierPathLayerTests;
			productReference = 2A7369541CE069620080414F /* ZCBezierPathLayerTests.xctest */;
			productType = "com.apple.product-type.bundle.unit-test";
		};
		2A73695E1CE069620080414F /* ZCBezierPathLayerUITests */ = {
			isa = PBXNativeTarget;
			buildConfigurationList = 2A73696E1CE069620080414F /* Build configuration list for PBXNativeTarget "ZCBezierPathLayerUITests" */;
			buildPhases = (
				2A73695B1CE069620080414F /* Sources */,
				2A73695C1CE069620080414F /* Frameworks */,
				2A73695D1CE069620080414F /* Resources */,
			);
			buildRules = (
			);
			dependencies = (
				2A7369611CE069620080414F /* PBXTargetDependency */,
			);
			name = ZCBezierPathLayerUITests;
			productName = ZCBezierPathLayerUITests;
			productReference = 2A73695F1CE069620080414F /* ZCBezierPathLayerUITests.xctest */;
			productType = "com.apple.product-type.bundle.ui-testing";
		};
/* End PBXNativeTarget section */

/* Begin PBXProject section */
		2A7369331CE069620080414F /* Project object */ = {
			isa = PBXProject;
			attributes = {
				LastUpgradeCheck = 0720;
				ORGANIZATIONNAME = trustway_mac;
				TargetAttributes = {
					2A73693A1CE069620080414F = {
						CreatedOnToolsVersion = 7.2;
					};
					2A7369531CE069620080414F = {
						CreatedOnToolsVersion = 7.2;
						TestTargetID = 2A73693A1CE069620080414F;
					};
					2A73695E1CE069620080414F = {
						CreatedOnToolsVersion = 7.2;
						TestTargetID = 2A73693A1CE069620080414F;
					};
				};
			};
			buildConfigurationList = 2A7369361CE069620080414F /* Build configuration list for PBXProject "ZCBezierPathLayer" */;
			compatibilityVersion = "Xcode 3.2";
			developmentRegion = English;
			hasScannedForEncodings = 0;
			knownRegions = (
				en,
				Base,
			);
			mainGroup = 2A7369321CE069620080414F;
			productRefGroup = 2A73693C1CE069620080414F /* Products */;
			projectDirPath = "";
			projectRoot = "";
			targets = (
				2A73693A1CE069620080414F /* ZCBezierPathLayer */,
				2A7369531CE069620080414F /* ZCBezierPathLayerTests */,
				2A73695E1CE069620080414F /* ZCBezierPathLayerUITests */,
			);
		};
/* End PBXProject section */

/* Begin PBXResourcesBuildPhase section */
		2A7369391CE069620080414F /* Resources */ = {
			isa = PBXResourcesBuildPhase;
			buildActionMask = 2147483647;
			files = (
				2A73694E1CE069620080414F /* LaunchScreen.storyboard in Resources */,
				2A73694B1CE069620080414F /* Assets.xcassets in Resources */,
				2A7369491CE069620080414F /* Main.storyboard in Resources */,
			);
			runOnlyForDeploymentPostprocessing = 0;
		};
		2A7369521CE069620080414F /* Resources */ = {
			isa = PBXResourcesBuildPhase;
			buildActionMask = 2147483647;
			files = (
			);
			runOnlyForDeploymentPostprocessing = 0;
		};
		2A73695D1CE069620080414F /* Resources */ = {
			isa = PBXResourcesBuildPhase;
			buildActionMask = 2147483647;
			files = (
			);
			runOnlyForDeploymentPostprocessing = 0;
		};
/* End PBXResourcesBuildPhase section */

/* Begin PBXSourcesBuildPhase section */
		2A7369371CE069620080414F /* Sources */ = {
			isa = PBXSourcesBuildPhase;
			buildActionMask = 2147483647;
			files = (
				2A7369461CE069620080414F /* ViewController.m in Sources */,
				2A7369431CE069620080414F /* AppDelegate.m in Sources */,
				2A7369401CE069620080414F /* main.m in Sources */,
				2A7369731CE069870080414F /* ZCBezierPathView.m in Sources */,
			);
			runOnlyForDeploymentPostprocessing = 0;
		};
		2A7369501CE069620080414F /* Sources */ = {
			isa = PBXSourcesBuildPhase;
			buildActionMask = 2147483647;
			files = (
				2A7369591CE069620080414F /* ZCBezierPathLayerTests.m in Sources */,
			);
			runOnlyForDeploymentPostprocessing = 0;
		};
		2A73695B1CE069620080414F /* Sources */ = {
			isa = PBXSourcesBuildPhase;
			buildActionMask = 2147483647;
			files = (
				2A7369641CE069620080414F /* ZCBezierPathLayerUITests.m in Sources */,
			);
			runOnlyForDeploymentPostprocessing = 0;
		};
/* End PBXSourcesBuildPhase section */

/* Begin PBXTargetDependency section */
		2A7369561CE069620080414F /* PBXTargetDependency */ = {
			isa = PBXTargetDependency;
			target = 2A73693A1CE069620080414F /* ZCBezierPathLayer */;
			targetProxy = 2A7369551CE069620080414F /* PBXContainerItemProxy */;
		};
		2A7369611CE069620080414F /* PBXTargetDependency */ = {
			isa = PBXTargetDependency;
			target = 2A73693A1CE069620080414F /* ZCBezierPathLayer */;
			targetProxy = 2A7369601CE069620080414F /* PBXContainerItemProxy */;
		};
/* End PBXTargetDependency section */

/* Begin PBXVariantGroup section */
		2A7369471CE069620080414F /* Main.storyboard */ = {
			isa = PBXVariantGroup;
			children = (
				2A7369481CE069620080414F /* Base */,
			);
			name = Main.storyboard;
			sourceTree = "<group>";
		};
		2A73694C1CE069620080414F /* LaunchScreen.storyboard */ = {
			isa = PBXVariantGroup;
			children = (
				2A73694D1CE069620080414F /* Base */,
			);
			name = LaunchScreen.storyboard;
			sourceTree = "<group>";
		};
/* End PBXVariantGroup section */

/* Begin XCBuildConfiguration section */
		2A7369661CE069620080414F /* Debug */ = {
			isa = XCBuildConfiguration;
			buildSettings = {
				ALWAYS_SEARCH_USER_PATHS = NO;
				CLANG_CXX_LANGUAGE_STANDARD = "gnu++0x";
				CLANG_CXX_LIBRARY = "libc++";
				CLANG_ENABLE_MODULES = YES;
				CLANG_ENABLE_OBJC_ARC = YES;
				CLANG_WARN_BOOL_CONVERSION = YES;
				CLANG_WARN_CONSTANT_CONVERSION = YES;
				CLANG_WARN_DIRECT_OBJC_ISA_USAGE = YES_ERROR;
				CLANG_WARN_EMPTY_BODY = YES;
				CLANG_WARN_ENUM_CONVERSION = YES;
				CLANG_WARN_INT_CONVERSION = YES;
				CLANG_WARN_OBJC_ROOT_CLASS = YES_ERROR;
				CLANG_WARN_UNREACHABLE_CODE = YES;
				CLANG_WARN__DUPLICATE_METHOD_MATCH = YES;
				"CODE_SIGN_IDENTITY[sdk=iphoneos*]" = "iPhone Developer";
				COPY_PHASE_STRIP = NO;
				DEBUG_INFORMATION_FORMAT = dwarf;
				ENABLE_STRICT_OBJC_MSGSEND = YES;
				ENABLE_TESTABILITY = YES;
				GCC_C_LANGUAGE_STANDARD = gnu99;
				GCC_DYNAMIC_NO_PIC = NO;
				GCC_NO_COMMON_BLOCKS = YES;
				GCC_OPTIMIZATION_LEVEL = 0;
				GCC_PREPROCESSOR_DEFINITIONS = (
					"DEBUG=1",
					"$(inherited)",
				);
				GCC_WARN_64_TO_32_BIT_CONVERSION = YES;
				GCC_WARN_ABOUT_RETURN_TYPE = YES_ERROR;
				GCC_WARN_UNDECLARED_SELECTOR = YES;
				GCC_WARN_UNINITIALIZED_AUTOS = YES_AGGRESSIVE;
				GCC_WARN_UNUSED_FUNCTION = YES;
				GCC_WARN_UNUSED_VARIABLE = YES;
				IPHONEOS_DEPLOYMENT_TARGET = 9.2;
				MTL_ENABLE_DEBUG_INFO = YES;
				ONLY_ACTIVE_ARCH = YES;
				SDKROOT = iphoneos;
				TARGETED_DEVICE_FAMILY = "1,2";
			};
			name = Debug;
		};
		2A7369671CE069620080414F /* Release */ = {
			isa = XCBuildConfiguration;
			buildSettings = {
				ALWAYS_SEARCH_USER_PATHS = NO;
				CLANG_CXX_LANGUAGE_STANDARD = "gnu++0x";
				CLANG_CXX_LIBRARY = "libc++";
				CLANG_ENABLE_MODULES = YES;
				CLANG_ENABLE_OBJC_ARC = YES;
				CLANG_WARN_BOOL_CONVERSION = YES;
				CLANG_WARN_CONSTANT_CONVERSION = YES;
				CLANG_WARN_DIRECT_OBJC_ISA_USAGE = YES_ERROR;
				CLANG_WARN_EMPTY_BODY = YES;
				CLANG_WARN_ENUM_CONVERSION = YES;
				CLANG_WARN_INT_CONVERSION = YES;
				CLANG_WARN_OBJC_ROOT_CLASS = YES_ERROR;
				CLANG_WARN_UNREACHABLE_CODE = YES;
				CLANG_WARN__DUPLICATE_METHOD_MATCH = YES;
				"CODE_SIGN_IDENTITY[sdk=iphoneos*]" = "iPhone Developer";
				COPY_PHASE_STRIP = NO;
				DEBUG_INFORMATION_FORMAT = "dwarf-with-dsym";
				ENABLE_NS_ASSERTIONS = NO;
				ENABLE_STRICT_OBJC_MSGSEND = YES;
				GCC_C_LANGUAGE_STANDARD = gnu99;
				GCC_NO_COMMON_BLOCKS = YES;
				GCC_WARN_64_TO_32_BIT_CONVERSION = YES;
				GCC_WARN_ABOUT_RETURN_TYPE = YES_ERROR;
				GCC_WARN_UNDECLARED_SELECTOR = YES;
				GCC_WARN_UNINITIALIZED_AUTOS = YES_AGGRESSIVE;
				GCC_WARN_UNUSED_FUNCTION = YES;
				GCC_WARN_UNUSED_VARIABLE = YES;
				IPHONEOS_DEPLOYMENT_TARGET = 9.2;
				MTL_ENABLE_DEBUG_INFO = NO;
				SDKROOT = iphoneos;
				TARGETED_DEVICE_FAMILY = "1,2";
				VALIDATE_PRODUCT = YES;
			};
			name = Release;
		};
		2A7369691CE069620080414F /* Debug */ = {
			isa = XCBuildConfiguration;
			buildSettings = {
				ASSETCATALOG_COMPILER_APPICON_NAME = AppIcon;
				INFOPLIST_FILE = ZCBezierPathLayer/Info.plist;
				LD_RUNPATH_SEARCH_PATHS = "$(inherited) @executable_path/Frameworks";
				PRODUCT_BUNDLE_IDENTIFIER = com.trustway.ZCBezierPathLayer;
				PRODUCT_NAME = "$(TARGET_NAME)";
			};
			name = Debug;
		};
		2A73696A1CE069620080414F /* Release */ = {
			isa = XCBuildConfiguration;
			buildSettings = {
				ASSETCATALOG_COMPILER_APPICON_NAME = AppIcon;
				INFOPLIST_FILE = ZCBezierPathLayer/Info.plist;
				LD_RUNPATH_SEARCH_PATHS = "$(inherited) @executable_path/Frameworks";
				PRODUCT_BUNDLE_IDENTIFIER = com.trustway.ZCBezierPathLayer;
				PRODUCT_NAME = "$(TARGET_NAME)";
			};
			name = Release;
		};
		2A73696C1CE069620080414F /* Debug */ = {
			isa = XCBuildConfiguration;
			buildSettings = {
				BUNDLE_LOADER = "$(TEST_HOST)";
				INFOPLIST_FILE = ZCBezierPathLayerTests/Info.plist;
				LD_RUNPATH_SEARCH_PATHS = "$(inherited) @executable_path/Frameworks @loader_path/Frameworks";
				PRODUCT_BUNDLE_IDENTIFIER = com.trustway.ZCBezierPathLayerTests;
				PRODUCT_NAME = "$(TARGET_NAME)";
				TEST_HOST = "$(BUILT_PRODUCTS_DIR)/ZCBezierPathLayer.app/ZCBezierPathLayer";
			};
			name = Debug;
		};
		2A73696D1CE069620080414F /* Release */ = {
			isa = XCBuildConfiguration;
			buildSettings = {
				BUNDLE_LOADER = "$(TEST_HOST)";
				INFOPLIST_FILE = ZCBezierPathLayerTests/Info.plist;
				LD_RUNPATH_SEARCH_PATHS = "$(inherited) @executable_path/Frameworks @loader_path/Frameworks";
				PRODUCT_BUNDLE_IDENTIFIER = com.trustway.ZCBezierPathLayerTests;
				PRODUCT_NAME = "$(TARGET_NAME)";
				TEST_HOST = "$(BUILT_PRODUCTS_DIR)/ZCBezierPathLayer.app/ZCBezierPathLayer";
			};
			name = Release;
		};
		2A73696F1CE069620080414F /* Debug */ = {
			isa = XCBuildConfiguration;
			buildSettings = {
				INFOPLIST_FILE = ZCBezierPathLayerUITests/Info.plist;
				LD_RUNPATH_SEARCH_PATHS = "$(inherited) @executable_path/Frameworks @loader_path/Frameworks";
				PRODUCT_BUNDLE_IDENTIFIER = com.trustway.ZCBezierPathLayerUITests;
				PRODUCT_NAME = "$(TARGET_NAME)";
				TEST_TARGET_NAME = ZCBezierPathLayer;
				USES_XCTRUNNER = YES;
			};
			name = Debug;
		};
		2A7369701CE069620080414F /* Release */ = {
			isa = XCBuildConfiguration;
			buildSettings = {
				INFOPLIST_FILE = ZCBezierPathLayerUITests/Info.plist;
				LD_RUNPATH_SEARCH_PATHS = "$(inherited) @executable_path/Frameworks @loader_path/Frameworks";
				PRODUCT_BUNDLE_IDENTIFIER = com.trustway.ZCBezierPathLayerUITests;
				PRODUCT_NAME = "$(TARGET_NAME)";
				TEST_TARGET_NAME = ZCBezierPathLayer;
				USES_XCTRUNNER = YES;
			};
			name = Release;
		};
/* End XCBuildConfiguration section */

/* Begin XCConfigurationList section */
		2A7369361CE069620080414F /* Build configuration list for PBXProject "ZCBezierPathLayer" */ = {
			isa = XCConfigurationList;
			buildConfigurations = (
				2A7369661CE069620080414F /* Debug */,
				2A7369671CE069620080414F /* Release */,
			);
			defaultConfigurationIsVisible = 0;
			defaultConfigurationName = Release;
		};
		2A7369681CE069620080414F /* Build configuration list for PBXNativeTarget "ZCBezierPathLayer" */ = {
			isa = XCConfigurationList;
			buildConfigurations = (
				2A7369691CE069620080414F /* Debug */,
				2A73696A1CE069620080414F /* Release */,
			);
			defaultConfigurationIsVisible = 0;
		};
		2A73696B1CE069620080414F /* Build configuration list for PBXNativeTarget "ZCBezierPathLayerTests" */ = {
			isa = XCConfigurationList;
			buildConfigurations = (
				2A73696C1CE069620080414F /* Debug */,
				2A73696D1CE069620080414F /* Release */,
			);
			defaultConfigurationIsVisible = 0;
		};
		2A73696E1CE069620080414F /* Build configuration list for PBXNativeTarget "ZCBezierPathLayerUITests" */ = {
			isa = XCConfigurationList;
			buildConfigurations = (
				2A73696F1CE069620080414F /* Debug */,
				2A7369701CE069620080414F /* Release */,
			);
			defaultConfigurationIsVisible = 0;
		};
/* End XCConfigurationList section */
	};
	rootObject = 2A7369331CE069620080414F /* Project object */;
}
